
Microsoft Visual Studio Solution File, Format Version 12.00
# Visual Studio Version 17
VisualStudioVersion = 17.1.32407.343
MinimumVisualStudioVersion = 10.0.40219.1
Project("{FAE04EC0-301F-11D3-BF4B-00C04F79EFBC}") = "PS1B - Tema 10 - Ciobanu Victor", "PS1B - Tema 10 - Ciobanu Victor\PS1B - Tema 10 - Ciobanu Victor.csproj", "{04C2E860-FBA8-4DC4-97ED-9700BBA1B581}"
EndProject
Global
	GlobalSection(SolutionConfigurationPlatforms) = preSolution
		Debug|Any CPU = Debug|Any CPU
		Release|Any CPU = Release|Any CPU
	EndGlobalSection
	GlobalSection(ProjectConfigurationPlatforms) = postSolution
		{04C2E860-FBA8-4DC4-97ED-9700BBA1B581}.Debug|Any CPU.ActiveCfg = Debug|Any CPU
		{04C2E860-FBA8-4DC4-97ED-9700BBA1B581}.Debug|Any CPU.Build.0 = Debug|Any CPU
		{04C2E860-FBA8-4DC4-97ED-9700BBA1B581}.Release|Any CPU.ActiveCfg = Release|Any CPU
		{04C2E860-FBA8-4DC4-97ED-9700BBA1B581}.Release|Any CPU.Build.0 = Release|Any CPU
	EndGlobalSection
	GlobalSection(SolutionProperties) = preSolution
		HideSolutionNode = FALSE
	EndGlobalSection
	GlobalSection(ExtensibilityGlobals) = postSolution
		SolutionGuid = {EA333E75-FBEC-4047-91AF-CA61A66BD22E}
	EndGlobalSection
EndGlobal
